
Microsoft Visual Studio Solution File, Format Version 12.00
# Visual Studio Version 17
VisualStudioVersion = 17.3.32804.467
MinimumVisualStudioVersion = 10.0.40219.1
Project("{8BC9CEB8-8B4A-11D0-8D11-00A0C91BC942}") = "Capitulo3", "Capitulo3\Capitulo3.vcxproj", "{76608E77-A8C9-481C-9FC9-2A6884E101C8}"
EndProject
Project("{8BC9CEB8-8B4A-11D0-8D11-00A0C91BC942}") = "Capitulo4", "Capitulo4\Capitulo4.vcxproj", "{6A1630D7-905D-4B74-9D75-5E15890C30E0}"
EndProject
Project("{8BC9CEB8-8B4A-11D0-8D11-00A0C91BC942}") = "Capitulo5", "Capitulo5\Capitulo5.vcxproj", "{FF3006AD-4019-4FA6-A600-D484078B6B83}"
EndProject
Project("{8BC9CEB8-8B4A-11D0-8D11-00A0C91BC942}") = "Capitulo6", "Capitulo6\Capitulo6.vcxproj", "{5733BD2F-B90E-40A8-8CF4-562BF17E5CD6}"
EndProject
Project("{8BC9CEB8-8B4A-11D0-8D11-00A0C91BC942}") = "Capitulo7", "Capitulo7\Capitulo7.vcxproj", "{B4C4C72F-3ADA-4049-9531-1D74384AF15F}"
EndProject
Project("{8BC9CEB8-8B4A-11D0-8D11-00A0C91BC942}") = "ExamenParcial1", "ExamenParcial1\ExamenParcial1.vcxproj", "{804D8B07-DC4D-4183-A41A-C96C73BF7E51}"
EndProject
Project("{8BC9CEB8-8B4A-11D0-8D11-00A0C91BC942}") = "Capitulo8", "Capitulo8\Capitulo8.vcxproj", "{0F0B5518-663A-4001-ADEB-691ED9312590}"
EndProject
Project("{8BC9CEB8-8B4A-11D0-8D11-00A0C91BC942}") = "Capitulo9", "Capitulo9\Capitulo9.vcxproj", "{073918E9-39D3-4AD0-8497-36D491188DE2}"
EndProject
Project("{8BC9CEB8-8B4A-11D0-8D11-00A0C91BC942}") = "Capitulo10", "Capitulo10\Capitulo10.vcxproj", "{053C78BB-B03A-45BC-AEBE-A64D2490DADB}"
EndProject
Project("{8BC9CEB8-8B4A-11D0-8D11-00A0C91BC942}") = "Capitulo11", "Capitulo11\Capitulo11.vcxproj", "{716698D8-728F-4C9B-875D-5A6158E60DC2}"
EndProject
Project("{8BC9CEB8-8B4A-11D0-8D11-00A0C91BC942}") = "ListaLigada", "ListaLigada\ListaLigada.vcxproj", "{64B668F0-83B5-4D43-875F-C65668349FE1}"
EndProject
Project("{8BC9CEB8-8B4A-11D0-8D11-00A0C91BC942}") = "ExamenParcial2", "ExamenParcial2\ExamenParcial2.vcxproj", "{D155B6E8-85BF-4DF4-A3FC-C81F51FCFC7E}"
EndProject
Global
	GlobalSection(SolutionConfigurationPlatforms) = preSolution
		Debug|x64 = Debug|x64
		Debug|x86 = Debug|x86
		Release|x64 = Release|x64
		Release|x86 = Release|x86
	EndGlobalSection
	GlobalSection(ProjectConfigurationPlatforms) = postSolution
		{76608E77-A8C9-481C-9FC9-2A6884E101C8}.Debug|x64.ActiveCfg = Debug|x64
		{76608E77-A8C9-481C-9FC9-2A6884E101C8}.Debug|x64.Build.0 = Debug|x64
		{76608E77-A8C9-481C-9FC9-2A6884E101C8}.Debug|x86.ActiveCfg = Debug|Win32
		{76608E77-A8C9-481C-9FC9-2A6884E101C8}.Debug|x86.Build.0 = Debug|Win32
		{76608E77-A8C9-481C-9FC9-2A6884E101C8}.Release|x64.ActiveCfg = Release|x64
		{76608E77-A8C9-481C-9FC9-2A6884E101C8}.Release|x64.Build.0 = Release|x64
		{76608E77-A8C9-481C-9FC9-2A6884E101C8}.Release|x86.ActiveCfg = Release|Win32
		{76608E77-A8C9-481C-9FC9-2A6884E101C8}.Release|x86.Build.0 = Release|Win32
		{6A1630D7-905D-4B74-9D75-5E15890C30E0}.Debug|x64.ActiveCfg = Debug|x64
		{6A1630D7-905D-4B74-9D75-5E15890C30E0}.Debug|x64.Build.0 = Debug|x64
		{6A1630D7-905D-4B74-9D75-5E15890C30E0}.Debug|x86.ActiveCfg = Debug|Win32
		{6A1630D7-905D-4B74-9D75-5E15890C30E0}.Debug|x86.Build.0 = Debug|Win32
		{6A1630D7-905D-4B74-9D75-5E15890C30E0}.Release|x64.ActiveCfg = Release|x64
		{6A1630D7-905D-4B74-9D75-5E15890C30E0}.Release|x64.Build.0 = Release|x64
		{6A1630D7-905D-4B74-9D75-5E15890C30E0}.Release|x86.ActiveCfg = Release|Win32
		{6A1630D7-905D-4B74-9D75-5E15890C30E0}.Release|x86.Build.0 = Release|Win32
		{FF3006AD-4019-4FA6-A600-D484078B6B83}.Debug|x64.ActiveCfg = Debug|x64
		{FF3006AD-4019-4FA6-A600-D484078B6B83}.Debug|x64.Build.0 = Debug|x64
		{FF3006AD-4019-4FA6-A600-D484078B6B83}.Debug|x86.ActiveCfg = Debug|Win32
		{FF3006AD-4019-4FA6-A600-D484078B6B83}.Debug|x86.Build.0 = Debug|Win32
		{FF3006AD-4019-4FA6-A600-D484078B6B83}.Release|x64.ActiveCfg = Release|x64
		{FF3006AD-4019-4FA6-A600-D484078B6B83}.Release|x64.Build.0 = Release|x64
		{FF3006AD-4019-4FA6-A600-D484078B6B83}.Release|x86.ActiveCfg = Release|Win32
		{FF3006AD-4019-4FA6-A600-D484078B6B83}.Release|x86.Build.0 = Release|Win32
		{5733BD2F-B90E-40A8-8CF4-562BF17E5CD6}.Debug|x64.ActiveCfg = Debug|x64
		{5733BD2F-B90E-40A8-8CF4-562BF17E5CD6}.Debug|x64.Build.0 = Debug|x64
		{5733BD2F-B90E-40A8-8CF4-562BF17E5CD6}.Debug|x86.ActiveCfg = Debug|Win32
		{5733BD2F-B90E-40A8-8CF4-562BF17E5CD6}.Debug|x86.Build.0 = Debug|Win32
		{5733BD2F-B90E-40A8-8CF4-562BF17E5CD6}.Release|x64.ActiveCfg = Release|x64
		{5733BD2F-B90E-40A8-8CF4-562BF17E5CD6}.Release|x64.Build.0 = Release|x64
		{5733BD2F-B90E-40A8-8CF4-562BF17E5CD6}.Release|x86.ActiveCfg = Release|Win32
		{5733BD2F-B90E-40A8-8CF4-562BF17E5CD6}.Release|x86.Build.0 = Release|Win32
		{B4C4C72F-3ADA-4049-9531-1D74384AF15F}.Debug|x64.ActiveCfg = Debug|x64
		{B4C4C72F-3ADA-4049-9531-1D74384AF15F}.Debug|x64.Build.0 = Debug|x64
		{B4C4C72F-3ADA-4049-9531-1D74384AF15F}.Debug|x86.ActiveCfg = Debug|Win32
		{B4C4C72F-3ADA-4049-9531-1D74384AF15F}.Debug|x86.Build.0 = Debug|Win32
		{B4C4C72F-3ADA-4049-9531-1D74384AF15F}.Release|x64.ActiveCfg = Release|x64
		{B4C4C72F-3ADA-4049-9531-1D74384AF15F}.Release|x64.Build.0 = Release|x64
		{B4C4C72F-3ADA-4049-9531-1D74384AF15F}.Release|x86.ActiveCfg = Release|Win32
		{B4C4C72F-3ADA-4049-9531-1D74384AF15F}.Release|x86.Build.0 = Release|Win32
		{804D8B07-DC4D-4183-A41A-C96C73BF7E51}.Debug|x64.ActiveCfg = Debug|x64
		{804D8B07-DC4D-4183-A41A-C96C73BF7E51}.Debug|x64.Build.0 = Debug|x64
		{804D8B07-DC4D-4183-A41A-C96C73BF7E51}.Debug|x86.ActiveCfg = Debug|Win32
		{804D8B07-DC4D-4183-A41A-C96C73BF7E51}.Debug|x86.Build.0 = Debug|Win32
		{804D8B07-DC4D-4183-A41A-C96C73BF7E51}.Release|x64.ActiveCfg = Release|x64
		{804D8B07-DC4D-4183-A41A-C96C73BF7E51}.Release|x64.Build.0 = Release|x64
		{804D8B07-DC4D-4183-A41A-C96C73BF7E51}.Release|x86.ActiveCfg = Release|Win32
		{804D8B07-DC4D-4183-A41A-C96C73BF7E51}.Release|x86.Build.0 = Release|Win32
		{0F0B5518-663A-4001-ADEB-691ED9312590}.Debug|x64.ActiveCfg = Debug|x64
		{0F0B5518-663A-4001-ADEB-691ED9312590}.Debug|x64.Build.0 = Debug|x64
		{0F0B5518-663A-4001-ADEB-691ED9312590}.Debug|x86.ActiveCfg = Debug|Win32
		{0F0B5518-663A-4001-ADEB-691ED9312590}.Debug|x86.Build.0 = Debug|Win32
		{0F0B5518-663A-4001-ADEB-691ED9312590}.Release|x64.ActiveCfg = Release|x64
		{0F0B5518-663A-4001-ADEB-691ED9312590}.Release|x64.Build.0 = Release|x64
		{0F0B5518-663A-4001-ADEB-691ED9312590}.Release|x86.ActiveCfg = Release|Win32
		{0F0B5518-663A-4001-ADEB-691ED9312590}.Release|x86.Build.0 = Release|Win32
		{073918E9-39D3-4AD0-8497-36D491188DE2}.Debug|x64.ActiveCfg = Debug|x64
		{073918E9-39D3-4AD0-8497-36D491188DE2}.Debug|x64.Build.0 = Debug|x64
		{073918E9-39D3-4AD0-8497-36D491188DE2}.Debug|x86.ActiveCfg = Debug|Win32
		{073918E9-39D3-4AD0-8497-36D491188DE2}.Debug|x86.Build.0 = Debug|Win32
		{073918E9-39D3-4AD0-8497-36D491188DE2}.Release|x64.ActiveCfg = Release|x64
		{073918E9-39D3-4AD0-8497-36D491188DE2}.Release|x64.Build.0 = Release|x64
		{073918E9-39D3-4AD0-8497-36D491188DE2}.Release|x86.ActiveCfg = Release|Win32
		{073918E9-39D3-4AD0-8497-36D491188DE2}.Release|x86.Build.0 = Release|Win32
		{053C78BB-B03A-45BC-AEBE-A64D2490DADB}.Debug|x64.ActiveCfg = Debug|x64
		{053C78BB-B03A-45BC-AEBE-A64D2490DADB}.Debug|x64.Build.0 = Debug|x64
		{053C78BB-B03A-45BC-AEBE-A64D2490DADB}.Debug|x86.ActiveCfg = Debug|Win32
		{053C78BB-B03A-45BC-AEBE-A64D2490DADB}.Debug|x86.Build.0 = Debug|Win32
		{053C78BB-B03A-45BC-AEBE-A64D2490DADB}.Release|x64.ActiveCfg = Release|x64
		{053C78BB-B03A-45BC-AEBE-A64D2490DADB}.Release|x64.Build.0 = Release|x64
		{053C78BB-B03A-45BC-AEBE-A64D2490DADB}.Release|x86.ActiveCfg = Release|Win32
		{053C78BB-B03A-45BC-AEBE-A64D2490DADB}.Release|x86.Build.0 = Release|Win32
		{716698D8-728F-4C9B-875D-5A6158E60DC2}.Debug|x64.ActiveCfg = Debug|x64
		{716698D8-728F-4C9B-875D-5A6158E60DC2}.Debug|x64.Build.0 = Debug|x64
		{716698D8-728F-4C9B-875D-5A6158E60DC2}.Debug|x86.ActiveCfg = Debug|Win32
		{716698D8-728F-4C9B-875D-5A6158E60DC2}.Debug|x86.Build.0 = Debug|Win32
		{716698D8-728F-4C9B-875D-5A6158E60DC2}.Release|x64.ActiveCfg = Release|x64
		{716698D8-728F-4C9B-875D-5A6158E60DC2}.Release|x64.Build.0 = Release|x64
		{716698D8-728F-4C9B-875D-5A6158E60DC2}.Release|x86.ActiveCfg = Release|Win32
		{716698D8-728F-4C9B-875D-5A6158E60DC2}.Release|x86.Build.0 = Release|Win32
		{64B668F0-83B5-4D43-875F-C65668349FE1}.Debug|x64.ActiveCfg = Debug|x64
		{64B668F0-83B5-4D43-875F-C65668349FE1}.Debug|x64.Build.0 = Debug|x64
		{64B668F0-83B5-4D43-875F-C65668349FE1}.Debug|x86.ActiveCfg = Debug|Win32
		{64B668F0-83B5-4D43-875F-C65668349FE1}.Debug|x86.Build.0 = Debug|Win32
		{64B668F0-83B5-4D43-875F-C65668349FE1}.Release|x64.ActiveCfg = Release|x64
		{64B668F0-83B5-4D43-875F-C65668349FE1}.Release|x64.Build.0 = Release|x64
		{64B668F0-83B5-4D43-875F-C65668349FE1}.Release|x86.ActiveCfg = Release|Win32
		{64B668F0-83B5-4D43-875F-C65668349FE1}.Release|x86.Build.0 = Release|Win32
		{D155B6E8-85BF-4DF4-A3FC-C81F51FCFC7E}.Debug|x64.ActiveCfg = Debug|x64
		{D155B6E8-85BF-4DF4-A3FC-C81F51FCFC7E}.Debug|x64.Build.0 = Debug|x64
		{D155B6E8-85BF-4DF4-A3FC-C81F51FCFC7E}.Debug|x86.ActiveCfg = Debug|Win32
		{D155B6E8-85BF-4DF4-A3FC-C81F51FCFC7E}.Debug|x86.Build.0 = Debug|Win32
		{D155B6E8-85BF-4DF4-A3FC-C81F51FCFC7E}.Release|x64.ActiveCfg = Release|x64
		{D155B6E8-85BF-4DF4-A3FC-C81F51FCFC7E}.Release|x64.Build.0 = Release|x64
		{D155B6E8-85BF-4DF4-A3FC-C81F51FCFC7E}.Release|x86.ActiveCfg = Release|Win32
		{D155B6E8-85BF-4DF4-A3FC-C81F51FCFC7E}.Release|x86.Build.0 = Release|Win32
	EndGlobalSection
	GlobalSection(SolutionProperties) = preSolution
		HideSolutionNode = FALSE
	EndGlobalSection
	GlobalSection(ExtensibilityGlobals) = postSolution
		SolutionGuid = {A9583AF9-991F-4DBA-AB01-459000DEC9F3}
	EndGlobalSection
EndGlobal
